
Microsoft Visual Studio Solution File, Format Version 12.00
# Visual Studio Version 17
VisualStudioVersion = 17.5.33627.172
MinimumVisualStudioVersion = 10.0.40219.1
Project("{FAE04EC0-301F-11D3-BF4B-00C04F79EFBC}") = "IdeaShareHubUI", "IdeaShareHubUI.csproj", "{26B62850-0314-4C56-A3E9-CFDA3AE2C0D6}"
EndProject
Project("{FAE04EC0-301F-11D3-BF4B-00C04F79EFBC}") = "Entity", "..\Entity\Entity.csproj", "{8D7F14DA-76CF-47C0-ABE4-3E977E607606}"
EndProject
Project("{FAE04EC0-301F-11D3-BF4B-00C04F79EFBC}") = "DataAccess", "..\DataAccess\DataAccess.csproj", "{D6673C2D-7071-494A-A7AC-23229F4AC00C}"
EndProject
Project("{FAE04EC0-301F-11D3-BF4B-00C04F79EFBC}") = "Business", "..\Business\Business.csproj", "{4449857D-9E54-4FB9-B60F-0C301080D28E}"
EndProject
Global
	GlobalSection(SolutionConfigurationPlatforms) = preSolution
		Debug|Any CPU = Debug|Any CPU
		Release|Any CPU = Release|Any CPU
	EndGlobalSection
	GlobalSection(ProjectConfigurationPlatforms) = postSolution
		{26B62850-0314-4C56-A3E9-CFDA3AE2C0D6}.Debug|Any CPU.ActiveCfg = Debug|Any CPU
		{26B62850-0314-4C56-A3E9-CFDA3AE2C0D6}.Debug|Any CPU.Build.0 = Debug|Any CPU
		{26B62850-0314-4C56-A3E9-CFDA3AE2C0D6}.Release|Any CPU.ActiveCfg = Release|Any CPU
		{26B62850-0314-4C56-A3E9-CFDA3AE2C0D6}.Release|Any CPU.Build.0 = Release|Any CPU
		{8D7F14DA-76CF-47C0-ABE4-3E977E607606}.Debug|Any CPU.ActiveCfg = Debug|Any CPU
		{8D7F14DA-76CF-47C0-ABE4-3E977E607606}.Debug|Any CPU.Build.0 = Debug|Any CPU
		{8D7F14DA-76CF-47C0-ABE4-3E977E607606}.Release|Any CPU.ActiveCfg = Release|Any CPU
		{8D7F14DA-76CF-47C0-ABE4-3E977E607606}.Release|Any CPU.Build.0 = Release|Any CPU
		{D6673C2D-7071-494A-A7AC-23229F4AC00C}.Debug|Any CPU.ActiveCfg = Debug|Any CPU
		{D6673C2D-7071-494A-A7AC-23229F4AC00C}.Debug|Any CPU.Build.0 = Debug|Any CPU
		{D6673C2D-7071-494A-A7AC-23229F4AC00C}.Release|Any CPU.ActiveCfg = Release|Any CPU
		{D6673C2D-7071-494A-A7AC-23229F4AC00C}.Release|Any CPU.Build.0 = Release|Any CPU
		{4449857D-9E54-4FB9-B60F-0C301080D28E}.Debug|Any CPU.ActiveCfg = Debug|Any CPU
		{4449857D-9E54-4FB9-B60F-0C301080D28E}.Debug|Any CPU.Build.0 = Debug|Any CPU
		{4449857D-9E54-4FB9-B60F-0C301080D28E}.Release|Any CPU.ActiveCfg = Release|Any CPU
		{4449857D-9E54-4FB9-B60F-0C301080D28E}.Release|Any CPU.Build.0 = Release|Any CPU
	EndGlobalSection
	GlobalSection(SolutionProperties) = preSolution
		HideSolutionNode = FALSE
	EndGlobalSection
	GlobalSection(ExtensibilityGlobals) = postSolution
		SolutionGuid = {754569AE-5ECE-4CB4-9138-E106D60DD2A1}
	EndGlobalSection
EndGlobal
